
Microsoft Visual Studio Solution File, Format Version 12.00
Project("{FAE04EC0-301F-11D3-BF4B-00C04F79EFBC}") = "Presentation", "Presentation\Presentation.csproj", "{3DED4221-17B4-42E9-B58E-4A2496381C14}"
EndProject
Project("{FAE04EC0-301F-11D3-BF4B-00C04F79EFBC}") = "Domain", "Domain\Domain.csproj", "{E19619B0-E8FA-4C87-92B5-F2B60AF4C362}"
EndProject
Project("{FAE04EC0-301F-11D3-BF4B-00C04F79EFBC}") = "Application", "Application\Application.csproj", "{6FE2D079-3075-4AAB-A0E1-F714CAA8B5ED}"
EndProject
Project("{FAE04EC0-301F-11D3-BF4B-00C04F79EFBC}") = "Infrastructure", "Infrastructure\Infrastructure.csproj", "{D49C98A7-D172-4B3E-8BAB-396B890DCEA1}"
EndProject
Project("{FAE04EC0-301F-11D3-BF4B-00C04F79EFBC}") = "MoscowZooDDD.Test", "MoscowZooDDD.Test\MoscowZooDDD.Test.csproj", "{13223617-0337-4CC5-8F36-41BDA54A41D4}"
EndProject
Global
	GlobalSection(SolutionConfigurationPlatforms) = preSolution
		Debug|Any CPU = Debug|Any CPU
		Release|Any CPU = Release|Any CPU
	EndGlobalSection
	GlobalSection(ProjectConfigurationPlatforms) = postSolution
		{3DED4221-17B4-42E9-B58E-4A2496381C14}.Debug|Any CPU.ActiveCfg = Debug|Any CPU
		{3DED4221-17B4-42E9-B58E-4A2496381C14}.Debug|Any CPU.Build.0 = Debug|Any CPU
		{3DED4221-17B4-42E9-B58E-4A2496381C14}.Release|Any CPU.ActiveCfg = Release|Any CPU
		{3DED4221-17B4-42E9-B58E-4A2496381C14}.Release|Any CPU.Build.0 = Release|Any CPU
		{E19619B0-E8FA-4C87-92B5-F2B60AF4C362}.Debug|Any CPU.ActiveCfg = Debug|Any CPU
		{E19619B0-E8FA-4C87-92B5-F2B60AF4C362}.Debug|Any CPU.Build.0 = Debug|Any CPU
		{E19619B0-E8FA-4C87-92B5-F2B60AF4C362}.Release|Any CPU.ActiveCfg = Release|Any CPU
		{E19619B0-E8FA-4C87-92B5-F2B60AF4C362}.Release|Any CPU.Build.0 = Release|Any CPU
		{6FE2D079-3075-4AAB-A0E1-F714CAA8B5ED}.Debug|Any CPU.ActiveCfg = Debug|Any CPU
		{6FE2D079-3075-4AAB-A0E1-F714CAA8B5ED}.Debug|Any CPU.Build.0 = Debug|Any CPU
		{6FE2D079-3075-4AAB-A0E1-F714CAA8B5ED}.Release|Any CPU.ActiveCfg = Release|Any CPU
		{6FE2D079-3075-4AAB-A0E1-F714CAA8B5ED}.Release|Any CPU.Build.0 = Release|Any CPU
		{D49C98A7-D172-4B3E-8BAB-396B890DCEA1}.Debug|Any CPU.ActiveCfg = Debug|Any CPU
		{D49C98A7-D172-4B3E-8BAB-396B890DCEA1}.Debug|Any CPU.Build.0 = Debug|Any CPU
		{D49C98A7-D172-4B3E-8BAB-396B890DCEA1}.Release|Any CPU.ActiveCfg = Release|Any CPU
		{D49C98A7-D172-4B3E-8BAB-396B890DCEA1}.Release|Any CPU.Build.0 = Release|Any CPU
		{13223617-0337-4CC5-8F36-41BDA54A41D4}.Debug|Any CPU.ActiveCfg = Debug|Any CPU
		{13223617-0337-4CC5-8F36-41BDA54A41D4}.Debug|Any CPU.Build.0 = Debug|Any CPU
		{13223617-0337-4CC5-8F36-41BDA54A41D4}.Release|Any CPU.ActiveCfg = Release|Any CPU
		{13223617-0337-4CC5-8F36-41BDA54A41D4}.Release|Any CPU.Build.0 = Release|Any CPU
	EndGlobalSection
EndGlobal
